
Microsoft Visual Studio Solution File, Format Version 12.00
# Visual Studio Version 17
VisualStudioVersion = 17.8.34408.163
MinimumVisualStudioVersion = 10.0.40219.1
Project("{FAE04EC0-301F-11D3-BF4B-00C04F79EFBC}") = "CSLab1", "CSLab1\CSLab1.csproj", "{C9631523-7E9D-4556-A82B-7B0C78F32BD3}"
EndProject
Global
	GlobalSection(SolutionConfigurationPlatforms) = preSolution
		Debug|Any CPU = Debug|Any CPU
		Release|Any CPU = Release|Any CPU
	EndGlobalSection
	GlobalSection(ProjectConfigurationPlatforms) = postSolution
		{C9631523-7E9D-4556-A82B-7B0C78F32BD3}.Debug|Any CPU.ActiveCfg = Debug|Any CPU
		{C9631523-7E9D-4556-A82B-7B0C78F32BD3}.Debug|Any CPU.Build.0 = Debug|Any CPU
		{C9631523-7E9D-4556-A82B-7B0C78F32BD3}.Release|Any CPU.ActiveCfg = Release|Any CPU
		{C9631523-7E9D-4556-A82B-7B0C78F32BD3}.Release|Any CPU.Build.0 = Release|Any CPU
	EndGlobalSection
	GlobalSection(SolutionProperties) = preSolution
		HideSolutionNode = FALSE
	EndGlobalSection
	GlobalSection(ExtensibilityGlobals) = postSolution
		SolutionGuid = {B1918969-870B-4399-860D-DDB002E09E1B}
	EndGlobalSection
EndGlobal
